
Microsoft Visual Studio Solution File, Format Version 12.00
# Visual Studio Version 17
VisualStudioVersion = 17.6.33829.357
MinimumVisualStudioVersion = 10.0.40219.1
Project("{FAE04EC0-301F-11D3-BF4B-00C04F79EFBC}") = "BlackjackApp", "BlackjackApp\BlackjackApp.csproj", "{D3886815-57AF-41D3-9DD2-AE1A2162FC7A}"
EndProject
Global
	GlobalSection(SolutionConfigurationPlatforms) = preSolution
		Debug|Any CPU = Debug|Any CPU
		Release|Any CPU = Release|Any CPU
	EndGlobalSection
	GlobalSection(ProjectConfigurationPlatforms) = postSolution
		{D3886815-57AF-41D3-9DD2-AE1A2162FC7A}.Debug|Any CPU.ActiveCfg = Debug|Any CPU
		{D3886815-57AF-41D3-9DD2-AE1A2162FC7A}.Debug|Any CPU.Build.0 = Debug|Any CPU
		{D3886815-57AF-41D3-9DD2-AE1A2162FC7A}.Release|Any CPU.ActiveCfg = Release|Any CPU
		{D3886815-57AF-41D3-9DD2-AE1A2162FC7A}.Release|Any CPU.Build.0 = Release|Any CPU
	EndGlobalSection
	GlobalSection(SolutionProperties) = preSolution
		HideSolutionNode = FALSE
	EndGlobalSection
	GlobalSection(ExtensibilityGlobals) = postSolution
		SolutionGuid = {F7FB2917-81B5-4E07-8485-B1CE0EA957A8}
	EndGlobalSection
EndGlobal
